
Microsoft Visual Studio Solution File, Format Version 12.00
# Visual Studio Version 16
VisualStudioVersion = 16.0.29609.76
MinimumVisualStudioVersion = 10.0.40219.1
Project("{FAE04EC0-301F-11D3-BF4B-00C04F79EFBC}") = "Servicios", "Servicios\Servicios.csproj", "{9ACED875-B042-4368-9322-46FBD6D61835}"
EndProject
Global
	GlobalSection(SolutionConfigurationPlatforms) = preSolution
		Debug|Any CPU = Debug|Any CPU
		Release|Any CPU = Release|Any CPU
	EndGlobalSection
	GlobalSection(ProjectConfigurationPlatforms) = postSolution
		{9ACED875-B042-4368-9322-46FBD6D61835}.Debug|Any CPU.ActiveCfg = Debug|Any CPU
		{9ACED875-B042-4368-9322-46FBD6D61835}.Debug|Any CPU.Build.0 = Debug|Any CPU
		{9ACED875-B042-4368-9322-46FBD6D61835}.Release|Any CPU.ActiveCfg = Release|Any CPU
		{9ACED875-B042-4368-9322-46FBD6D61835}.Release|Any CPU.Build.0 = Release|Any CPU
	EndGlobalSection
	GlobalSection(SolutionProperties) = preSolution
		HideSolutionNode = FALSE
	EndGlobalSection
	GlobalSection(ExtensibilityGlobals) = postSolution
		SolutionGuid = {DAAAFB3C-3A62-4BF5-A450-4B5549C8C622}
	EndGlobalSection
EndGlobal
